Microsoft Visual Studio Solution File, Format Version 12.00
# Visual Studio Version 17
VisualStudioVersion = 17.5.2.0
MinimumVisualStudioVersion = 10.0.40219.1
Project("{FAE04EC0-301F-11D3-BF4B-00C04F79EFBC}") = "oop-code-compilation--1", "oop-code-compilation--1.csproj", "{A08EDC00-2346-FD66-C014-3E6733636E90}"
EndProject
Global
	GlobalSection(SolutionConfigurationPlatforms) = preSolution
		Debug|Any CPU = Debug|Any CPU
		Release|Any CPU = Release|Any CPU
	EndGlobalSection
	GlobalSection(ProjectConfigurationPlatforms) = postSolution
		{A08EDC00-2346-FD66-C014-3E6733636E90}.Debug|Any CPU.ActiveCfg = Debug|Any CPU
		{A08EDC00-2346-FD66-C014-3E6733636E90}.Debug|Any CPU.Build.0 = Debug|Any CPU
		{A08EDC00-2346-FD66-C014-3E6733636E90}.Release|Any CPU.ActiveCfg = Release|Any CPU
		{A08EDC00-2346-FD66-C014-3E6733636E90}.Release|Any CPU.Build.0 = Release|Any CPU
	EndGlobalSection
	GlobalSection(SolutionProperties) = preSolution
		HideSolutionNode = FALSE
	EndGlobalSection
	GlobalSection(ExtensibilityGlobals) = postSolution
		SolutionGuid = {62C7A31F-D5A1-4AFB-B8F6-E4C2D6841FB7}
	EndGlobalSection
EndGlobal
