Microsoft Visual Studio Solution File, Format Version 12.00
# Visual Studio Version 17
VisualStudioVersion = 17.5.2.0
MinimumVisualStudioVersion = 10.0.40219.1
Project("{FAE04EC0-301F-11D3-BF4B-00C04F79EFBC}") = "oop-5", "oop-5.csproj", "{6CB55BA1-F844-73FD-31E9-7D88C23F1EEC}"
EndProject
Global
	GlobalSection(SolutionConfigurationPlatforms) = preSolution
		Debug|Any CPU = Debug|Any CPU
		Release|Any CPU = Release|Any CPU
	EndGlobalSection
	GlobalSection(ProjectConfigurationPlatforms) = postSolution
		{6CB55BA1-F844-73FD-31E9-7D88C23F1EEC}.Debug|Any CPU.ActiveCfg = Debug|Any CPU
		{6CB55BA1-F844-73FD-31E9-7D88C23F1EEC}.Debug|Any CPU.Build.0 = Debug|Any CPU
		{6CB55BA1-F844-73FD-31E9-7D88C23F1EEC}.Release|Any CPU.ActiveCfg = Release|Any CPU
		{6CB55BA1-F844-73FD-31E9-7D88C23F1EEC}.Release|Any CPU.Build.0 = Release|Any CPU
	EndGlobalSection
	GlobalSection(SolutionProperties) = preSolution
		HideSolutionNode = FALSE
	EndGlobalSection
	GlobalSection(ExtensibilityGlobals) = postSolution
		SolutionGuid = {8EA0F080-D7D4-445B-9073-5F4241C7E79E}
	EndGlobalSection
EndGlobal
