Microsoft Visual Studio Solution File, Format Version 12.00
# Visual Studio Version 17
VisualStudioVersion = 17.5.2.0
MinimumVisualStudioVersion = 10.0.40219.1
Project("{FAE04EC0-301F-11D3-BF4B-00C04F79EFBC}") = "oop-12", "oop-12.csproj", "{6EC67CC6-0B02-9F84-9E5D-0D5680284018}"
EndProject
Global
	GlobalSection(SolutionConfigurationPlatforms) = preSolution
		Debug|Any CPU = Debug|Any CPU
		Release|Any CPU = Release|Any CPU
	EndGlobalSection
	GlobalSection(ProjectConfigurationPlatforms) = postSolution
		{6EC67CC6-0B02-9F84-9E5D-0D5680284018}.Debug|Any CPU.ActiveCfg = Debug|Any CPU
		{6EC67CC6-0B02-9F84-9E5D-0D5680284018}.Debug|Any CPU.Build.0 = Debug|Any CPU
		{6EC67CC6-0B02-9F84-9E5D-0D5680284018}.Release|Any CPU.ActiveCfg = Release|Any CPU
		{6EC67CC6-0B02-9F84-9E5D-0D5680284018}.Release|Any CPU.Build.0 = Release|Any CPU
	EndGlobalSection
	GlobalSection(SolutionProperties) = preSolution
		HideSolutionNode = FALSE
	EndGlobalSection
	GlobalSection(ExtensibilityGlobals) = postSolution
		SolutionGuid = {EDF40A79-5B90-4CC7-AC96-900F9FB1A896}
	EndGlobalSection
EndGlobal
