Microsoft Visual Studio Solution File, Format Version 12.00
# Visual Studio Version 17
VisualStudioVersion = 17.5.2.0
MinimumVisualStudioVersion = 10.0.40219.1
Project("{FAE04EC0-301F-11D3-BF4B-00C04F79EFBC}") = "oop-8", "oop-8.csproj", "{634D5C8B-03AC-0634-045F-51F0F130D7B7}"
EndProject
Global
	GlobalSection(SolutionConfigurationPlatforms) = preSolution
		Debug|Any CPU = Debug|Any CPU
		Release|Any CPU = Release|Any CPU
	EndGlobalSection
	GlobalSection(ProjectConfigurationPlatforms) = postSolution
		{634D5C8B-03AC-0634-045F-51F0F130D7B7}.Debug|Any CPU.ActiveCfg = Debug|Any CPU
		{634D5C8B-03AC-0634-045F-51F0F130D7B7}.Debug|Any CPU.Build.0 = Debug|Any CPU
		{634D5C8B-03AC-0634-045F-51F0F130D7B7}.Release|Any CPU.ActiveCfg = Release|Any CPU
		{634D5C8B-03AC-0634-045F-51F0F130D7B7}.Release|Any CPU.Build.0 = Release|Any CPU
	EndGlobalSection
	GlobalSection(SolutionProperties) = preSolution
		HideSolutionNode = FALSE
	EndGlobalSection
	GlobalSection(ExtensibilityGlobals) = postSolution
		SolutionGuid = {B3C8F375-B934-42E7-B29E-D93AA6BB6934}
	EndGlobalSection
EndGlobal
